
Microsoft Visual Studio Solution File, Format Version 12.00
# Visual Studio Version 16
VisualStudioVersion = 16.0.31410.357
MinimumVisualStudioVersion = 10.0.40219.1
Project("{9A19103F-16F7-4668-BE54-9A1E7A4F7556}") = "GrpcServer", "GrpcServer\GrpcServer.csproj", "{B5802774-23C8-412E-96BA-2E1005CA4030}"
EndProject
Project("{9A19103F-16F7-4668-BE54-9A1E7A4F7556}") = "GrpcClient", "GrpcClient\GrpcClient.csproj", "{0FFDDF75-774B-4F5B-B270-833E3035D1AE}"
EndProject
Project("{2150E333-8FDC-42A3-9474-1A3956D46DE8}") = "Solution Items", "Solution Items", "{1BC0B6F1-7B27-4404-A6B4-9FF2E21DEC28}"
	ProjectSection(SolutionItems) = preProject
		Notes.txt = Notes.txt
	EndProjectSection
EndProject
Global
	GlobalSection(SolutionConfigurationPlatforms) = preSolution
		Debug|Any CPU = Debug|Any CPU
		Release|Any CPU = Release|Any CPU
	EndGlobalSection
	GlobalSection(ProjectConfigurationPlatforms) = postSolution
		{B5802774-23C8-412E-96BA-2E1005CA4030}.Debug|Any CPU.ActiveCfg = Debug|Any CPU
		{B5802774-23C8-412E-96BA-2E1005CA4030}.Debug|Any CPU.Build.0 = Debug|Any CPU
		{B5802774-23C8-412E-96BA-2E1005CA4030}.Release|Any CPU.ActiveCfg = Release|Any CPU
		{B5802774-23C8-412E-96BA-2E1005CA4030}.Release|Any CPU.Build.0 = Release|Any CPU
		{0FFDDF75-774B-4F5B-B270-833E3035D1AE}.Debug|Any CPU.ActiveCfg = Debug|Any CPU
		{0FFDDF75-774B-4F5B-B270-833E3035D1AE}.Debug|Any CPU.Build.0 = Debug|Any CPU
		{0FFDDF75-774B-4F5B-B270-833E3035D1AE}.Release|Any CPU.ActiveCfg = Release|Any CPU
		{0FFDDF75-774B-4F5B-B270-833E3035D1AE}.Release|Any CPU.Build.0 = Release|Any CPU
	EndGlobalSection
	GlobalSection(SolutionProperties) = preSolution
		HideSolutionNode = FALSE
	EndGlobalSection
	GlobalSection(ExtensibilityGlobals) = postSolution
		SolutionGuid = {AA49BF1F-3BA3-4817-9081-E39C855DA2D1}
	EndGlobalSection
EndGlobal
